
Microsoft Visual Studio Solution File, Format Version 12.00
# Visual Studio Version 16
VisualStudioVersion = 16.0.29905.134
MinimumVisualStudioVersion = 10.0.40219.1
Project("{FAE04EC0-301F-11D3-BF4B-00C04F79EFBC}") = "Personal_Finance", "Personal_Finance\Personal_Finance.csproj", "{C7B889C2-12AF-416D-9DE3-B790F58A394C}"
EndProject
Global
	GlobalSection(SolutionConfigurationPlatforms) = preSolution
		Debug|Any CPU = Debug|Any CPU
		Release|Any CPU = Release|Any CPU
	EndGlobalSection
	GlobalSection(ProjectConfigurationPlatforms) = postSolution
		{C7B889C2-12AF-416D-9DE3-B790F58A394C}.Debug|Any CPU.ActiveCfg = Debug|Any CPU
		{C7B889C2-12AF-416D-9DE3-B790F58A394C}.Debug|Any CPU.Build.0 = Debug|Any CPU
		{C7B889C2-12AF-416D-9DE3-B790F58A394C}.Release|Any CPU.ActiveCfg = Release|Any CPU
		{C7B889C2-12AF-416D-9DE3-B790F58A394C}.Release|Any CPU.Build.0 = Release|Any CPU
	EndGlobalSection
	GlobalSection(SolutionProperties) = preSolution
		HideSolutionNode = FALSE
	EndGlobalSection
	GlobalSection(ExtensibilityGlobals) = postSolution
		SolutionGuid = {0ECEB9BD-B933-4678-959D-14C8D636BD5B}
	EndGlobalSection
EndGlobal
